# THIS IS AN AUTOGENERATED FILE. DO NOT EDIT THIS FILE DIRECTLY.
# yarn lockfile v1


"@types/prop-types@*":
  version "15.7.5"
  resolved "https://registry.yarnpkg.com/@types/prop-types/-/prop-types-15.7.5.tgz#5f19d2b85a98e9558036f6a3cacc8819420f05cf"
  integrity sha512-JCB8C6SnDoQf0cNycqd/35A7MjcnK+ZTqE7judS6o7utxUCg6imJg3QK2qzHKszlTjcj2cn+NwMB2i96ubpj7w==

"@types/react-native@~0.69.1":
  version "0.69.8"
  resolved "https://registry.yarnpkg.com/@types/react-native/-/react-native-0.69.8.tgz#524e770e2bc6ac478ab5179b4446c43602142b7e"
  integrity sha512-KW5KQdg4vjG7Mo2muCTRSe3CwVNEROa4Hlh7wIkfv+be92jdFwq6tf+i1q7dD3wDnUinc/cVi/6/PJbGpbshEA==
  dependencies:
    "@types/react" "*"

"@types/react@*", "@types/react@~18.0.0":
  version "18.0.18"
  resolved "https://registry.yarnpkg.com/@types/react/-/react-18.0.18.tgz#9f16f33d57bc5d9dca848d12c3572110ff9429ac"
  integrity sha512-6hI08umYs6NaiHFEEGioXnxJ+oEhY3eRz8VCUaudZmGdtvPviCJB8mgaMxaDWAdPSYd4eFavrPk2QIolwbLYrg==
  dependencies:
    "@types/prop-types" "*"
    "@types/scheduler" "*"
    csstype "^3.0.2"

"@types/scheduler@*":
  version "0.16.2"
  resolved "https://registry.yarnpkg.com/@types/scheduler/-/scheduler-0.16.2.tgz#1a62f89525723dde24ba1b01b092bf5df8ad4d39"
  integrity sha512-hppQEBDmlwhFAXKJX2KnWLYu5yMfi91yazPb2l+lbJiwW+wdo1gNeRA+3RgNSO39WYX2euey41KEwnqesU2Jew==

csstype@^3.0.2:
  version "3.1.0"
  resolved "https://registry.yarnpkg.com/csstype/-/csstype-3.1.0.tgz#4ddcac3718d787cf9df0d1b7d15033925c8f29f2"
  integrity sha512-uX1KG+x9h5hIJsaKR9xHUeUraxf8IODOwq9JLNPq6BwB04a/xgpq3rcx47l5BZu5zBPlgD342tdke3Hom/nJRA==

"js-tokens@^3.0.0 || ^4.0.0":
  version "4.0.0"
  resolved "https://registry.yarnpkg.com/js-tokens/-/js-tokens-4.0.0.tgz#19203fb59991df98e3a287050d4647cdeaf32499"
  integrity sha512-RdJUflcE3cUzKiMqQgsCu06FPu9UdIJO0beYbPhHN4k6apgJtifcoCtT9bcxOpYBtpD2kCM6Sbzg4CausW/PKQ==

loose-envify@^1.4.0:
  version "1.4.0"
  resolved "https://registry.yarnpkg.com/loose-envify/-/loose-envify-1.4.0.tgz#71ee51fa7be4caec1a63839f7e682d8132d30caf"
  integrity sha512-lyuxPGr/Wfhrlem2CL/UcnUc1zcqKAImBDzukY7Y5F/yQiNdko6+fRLevlw1HgMySw7f611UIY408EtxRSoK3Q==
  dependencies:
    js-tokens "^3.0.0 || ^4.0.0"

object-assign@^4.1.1:
  version "4.1.1"
  resolved "https://registry.yarnpkg.com/object-assign/-/object-assign-4.1.1.tgz#2109adc7965887cfc05cbbd442cac8bfbb360863"
  integrity sha512-rJgTQnkUnH1sFw8yT6VSU3zD3sWmu6sZhIseY8VX+GRu3P6F7Fu+JNDoXfklElbLJSnc3FUQHVe4cU5hj+BcUg==

prop-types@^15.6.2, prop-types@^15.7.2:
  version "15.8.1"
  resolved "https://registry.yarnpkg.com/prop-types/-/prop-types-15.8.1.tgz#67d87bf1a694f48435cf332c24af10214a3140b5"
  integrity sha512-oj87CgZICdulUohogVAR7AjlC0327U4el4L6eAvOqCeudMDVU0NThNaV+b9Df4dXgSP1gXMTnPdhfe/2qDH5cg==
  dependencies:
    loose-envify "^1.4.0"
    object-assign "^4.1.1"
    react-is "^16.13.1"

react-is@^16.13.1:
  version "16.13.1"
  resolved "https://registry.yarnpkg.com/react-is/-/react-is-16.13.1.tgz#789729a4dc36de2999dc156dd6c1d9c18cea56a4"
  integrity sha512-24e6ynE2H+OKt4kqsOvNd8kBpV65zoxbA4BVsEOB3ARVWQki/DHzaUoC5KuON/BiccDaCCTZBuOcfZs70kR8bQ==

react-native-animatable@1.3.3:
  version "1.3.3"
  resolved "https://registry.yarnpkg.com/react-native-animatable/-/react-native-animatable-1.3.3.tgz#a13a4af8258e3bb14d0a9d839917e9bb9274ec8a"
  integrity sha512-2ckIxZQAsvWn25Ho+DK3d1mXIgj7tITkrS4pYDvx96WyOttSvzzFeQnM2od0+FUMzILbdHDsDEqZvnz1DYNQ1w==
  dependencies:
    prop-types "^15.7.2"

react-native-modal@^13.0.1:
  version "13.0.1"
  resolved "https://registry.yarnpkg.com/react-native-modal/-/react-native-modal-13.0.1.tgz#691f1e646abb96fa82c1788bf18a16d585da37cd"
  integrity sha512-UB+mjmUtf+miaG/sDhOikRfBOv0gJdBU2ZE1HtFWp6UixW9jCk/bhGdHUgmZljbPpp0RaO/6YiMmQSSK3kkMaw==
  dependencies:
    prop-types "^15.6.2"
    react-native-animatable "1.3.3"

typescript@^4.8.2:
  version "4.8.3"
  resolved "https://registry.yarnpkg.com/typescript/-/typescript-4.8.3.tgz#d59344522c4bc464a65a730ac695007fdb66dd88"
  integrity sha512-goMHfm00nWPa8UvR/CPSvykqf6dVV8x/dp0c5mFTMTIu0u0FlGWRioyy7Nn0PGAdHxpJZnuO/ut+PpQ8UiHAig==
